// !$*UTF8*$!
{
	archiveVersion = 1;
	classes = {
	};
	objectVersion = 51;
	objects = {

/* Begin PBXBuildFile section */
		0441FA1723960D9C009C79F1 /* AppDelegate.swift in Sources */ = {isa = PBXBuildFile; fileRef = 0441FA1623960D9C009C79F1 /* AppDelegate.swift */; };
		0441FA1C23960D9C009C79F1 /* Main.storyboard in Resources */ = {isa = PBXBuildFile; fileRef = 0441FA1A23960D9C009C79F1 /* Main.storyboard */; };
		0441FA1E23960D9D009C79F1 /* Assets.xcassets in Resources */ = {isa = PBXBuildFile; fileRef = 0441FA1D23960D9D009C79F1 /* Assets.xcassets */; };
		0441FA2123960D9D009C79F1 /* LaunchScreen.storyboard in Resources */ = {isa = PBXBuildFile; fileRef = 0441FA1F23960D9D009C79F1 /* LaunchScreen.storyboard */; };
		0441FA29239619A7009C79F1 /* tableViewController.swift in Sources */ = {isa = PBXBuildFile; fileRef = 0441FA28239619A7009C79F1 /* tableViewController.swift */; };
		0441FA2B23986C79009C79F1 /* AddViewController.swift in Sources */ = {isa = PBXBuildFile; fileRef = 0441FA2A23986C79009C79F1 /* AddViewController.swift */; };
		0441FA2D23986FDC009C79F1 /* GoogleService-Info.plist in Resources */ = {isa = PBXBuildFile; fileRef = 0441FA2C23986FDC009C79F1 /* GoogleService-Info.plist */; };
		A97477755B3006469246A712 /* Pods_ToDoApp.framework in Frameworks */ = {isa = PBXBuildFile; fileRef = DC97C98623A66C0F117B8F99 /* Pods_ToDoApp.framework */; };
/* End PBXBuildFile section */

/* Begin PBXFileReference section */
		0441FA1323960D9C009C79F1 /* ToDoApp.app */ = {isa = PBXFileReference; explicitFileType = wrapper.application; includeInIndex = 0; path = ToDoApp.app; sourceTree = BUILT_PRODUCTS_DIR; };
		0441FA1623960D9C009C79F1 /* AppDelegate.swift */ = {isa = PBXFileReference; lastKnownFileType = sourcecode.swift; path = AppDelegate.swift; sourceTree = "<group>"; };
		0441FA1B23960D9C009C79F1 /* Base */ = {isa = PBXFileReference; lastKnownFileType = file.storyboard; name = Base; path = Base.lproj/Main.storyboard; sourceTree = "<group>"; };
		0441FA1D23960D9D009C79F1 /* Assets.xcassets */ = {isa = PBXFileReference; lastKnownFileType = folder.assetcatalog; path = Assets.xcassets; sourceTree = "<group>"; };
		0441FA2023960D9D009C79F1 /* Base */ = {isa = PBXFileReference; lastKnownFileType = file.storyboard; name = Base; path = Base.lproj/LaunchScreen.storyboard; sourceTree = "<group>"; };
		0441FA2223960D9D009C79F1 /* Info.plist */ = {isa = PBXFileReference; lastKnownFileType = text.plist.xml; path = Info.plist; sourceTree = "<group>"; };
		0441FA28239619A7009C79F1 /* tableViewController.swift */ = {isa = PBXFileReference; lastKnownFileType = sourcecode.swift; path = tableViewController.swift; sourceTree = "<group>"; };
		0441FA2A23986C79009C79F1 /* AddViewController.swift */ = {isa = PBXFileReference; lastKnownFileType = sourcecode.swift; path = AddViewController.swift; sourceTree = "<group>"; };
		0441FA2C23986FDC009C79F1 /* GoogleService-Info.plist */ = {isa = PBXFileReference; fileEncoding = 4; lastKnownFileType = text.plist.xml; path = "GoogleService-Info.plist"; sourceTree = "<group>"; };
		7B0AD8C76DC5E2768DC7B56A /* Pods-ToDoApp.debug.xcconfig */ = {isa = PBXFileReference; includeInIndex = 1; lastKnownFileType = text.xcconfig; name = "Pods-ToDoApp.debug.xcconfig"; path = "Target Support Files/Pods-ToDoApp/Pods-ToDoApp.debug.xcconfig"; sourceTree = "<group>"; };
		C5539638E17C3BC4BB0E8C5B /* Pods-ToDoApp.release.xcconfig */ = {isa = PBXFileReference; includeInIndex = 1; lastKnownFileType = text.xcconfig; name = "Pods-ToDoApp.release.xcconfig"; path = "Target Support Files/Pods-ToDoApp/Pods-ToDoApp.release.xcconfig"; sourceTree = "<group>"; };
		DC97C98623A66C0F117B8F99 /* Pods_ToDoApp.framework */ = {isa = PBXFileReference; explicitFileType = wrapper.framework; includeInIndex = 0; path = Pods_ToDoApp.framework; sourceTree = BUILT_PRODUCTS_DIR; };
/* End PBXFileReference section */

/* Begin PBXFrameworksBuildPhase section */
		0441FA1023960D9C009C79F1 /* Frameworks */ = {
			isa = PBXFrameworksBuildPhase;
			buildActionMask = 2147483647;
			files = (
				A97477755B3006469246A712 /* Pods_ToDoApp.framework in Frameworks */,
			);
			runOnlyForDeploymentPostprocessing = 0;
		};
/* End PBXFrameworksBuildPhase section */

/* Begin PBXGroup section */
		0441FA0A23960D9C009C79F1 = {
			isa = PBXGroup;
			children = (
				0441FA1523960D9C009C79F1 /* ToDoApp */,
				0441FA1423960D9C009C79F1 /* Products */,
				CEC45642D16B1B84CFFDDA97 /* Pods */,
				AE550FDECE9A29A8C09FEF52 /* Frameworks */,
			);
			sourceTree = "<group>";
		};
		0441FA1423960D9C009C79F1 /* Products */ = {
			isa = PBXGroup;
			children = (
				0441FA1323960D9C009C79F1 /* ToDoApp.app */,
			);
			name = Products;
			sourceTree = "<group>";
		};
		0441FA1523960D9C009C79F1 /* ToDoApp */ = {
			isa = PBXGroup;
			children = (
				0441FA1623960D9C009C79F1 /* AppDelegate.swift */,
				0441FA1A23960D9C009C79F1 /* Main.storyboard */,
				0441FA1D23960D9D009C79F1 /* Assets.xcassets */,
				0441FA1F23960D9D009C79F1 /* LaunchScreen.storyboard */,
				0441FA2223960D9D009C79F1 /* Info.plist */,
				0441FA28239619A7009C79F1 /* tableViewController.swift */,
				0441FA2A23986C79009C79F1 /* AddViewController.swift */,
				0441FA2C23986FDC009C79F1 /* GoogleService-Info.plist */,
			);
			path = ToDoApp;
			sourceTree = "<group>";
		};
		AE550FDECE9A29A8C09FEF52 /* Frameworks */ = {
			isa = PBXGroup;
			children = (
				DC97C98623A66C0F117B8F99 /* Pods_ToDoApp.framework */,
			);
			name = Frameworks;
			sourceTree = "<group>";
		};
		CEC45642D16B1B84CFFDDA97 /* Pods */ = {
			isa = PBXGroup;
			children = (
				7B0AD8C76DC5E2768DC7B56A /* Pods-ToDoApp.debug.xcconfig */,
				C5539638E17C3BC4BB0E8C5B /* Pods-ToDoApp.release.xcconfig */,
			);
			path = Pods;
			sourceTree = "<group>";
		};
/* End PBXGroup section */

/* Begin PBXNativeTarget section */
		0441FA1223960D9C009C79F1 /* ToDoApp */ = {
			isa = PBXNativeTarget;
			buildConfigurationList = 0441FA2523960D9D009C79F1 /* Build configuration list for PBXNativeTarget "ToDoApp" */;
			buildPhases = (
				70163A3628047FDE18D0D16F /* [CP] Check Pods Manifest.lock */,
				0441FA0F23960D9C009C79F1 /* Sources */,
				0441FA1023960D9C009C79F1 /* Frameworks */,
				0441FA1123960D9C009C79F1 /* Resources */,
				C72E1731CBFA4F64C99A3CB2 /* [CP] Embed Pods Frameworks */,
			);
			buildRules = (
			);
			dependencies = (
			);
			name = ToDoApp;
			productName = ToDoApp;
			productReference = 0441FA1323960D9C009C79F1 /* ToDoApp.app */;
			productType = "com.apple.product-type.application";
		};
/* End PBXNativeTarget section */

/* Begin PBXProject section */
		0441FA0B23960D9C009C79F1 /* Project object */ = {
			isa = PBXProject;
			attributes = {
				LastSwiftUpdateCheck = 1030;
				LastUpgradeCheck = 1030;
				ORGANIZATIONNAME = "Centennial College";
				TargetAttributes = {
					0441FA1223960D9C009C79F1 = {
						CreatedOnToolsVersion = 10.3;
					};
				};
			};
			buildConfigurationList = 0441FA0E23960D9C009C79F1 /* Build configuration list for PBXProject "ToDoApp" */;
			compatibilityVersion = "Xcode 9.3";
			developmentRegion = en;
			hasScannedForEncodings = 0;
			knownRegions = (
				en,
				Base,
			);
			mainGroup = 0441FA0A23960D9C009C79F1;
			productRefGroup = 0441FA1423960D9C009C79F1 /* Products */;
			projectDirPath = "";
			projectRoot = "";
			targets = (
				0441FA1223960D9C009C79F1 /* ToDoApp */,
			);
		};
/* End PBXProject section */

/* Begin PBXResourcesBuildPhase section */
		0441FA1123960D9C009C79F1 /* Resources */ = {
			isa = PBXResourcesBuildPhase;
			buildActionMask = 2147483647;
			files = (
				0441FA2123960D9D009C79F1 /* LaunchScreen.storyboard in Resources */,
				0441FA2D23986FDC009C79F1 /* GoogleService-Info.plist in Resources */,
				0441FA1E23960D9D009C79F1 /* Assets.xcassets in Resources */,
				0441FA1C23960D9C009C79F1 /* Main.storyboard in Resources */,
			);
			runOnlyForDeploymentPostprocessing = 0;
		};
/* End PBXResourcesBuildPhase section */

/* Begin PBXShellScriptBuildPhase section */
		70163A3628047FDE18D0D16F /* [CP] Check Pods Manifest.lock */ = {
			isa = PBXShellScriptBuildPhase;
			buildActionMask = 2147483647;
			files = (
			);
			inputFileListPaths = (
			);
			inputPaths = (
				"${PODS_PODFILE_DIR_PATH}/Podfile.lock",
				"${PODS_ROOT}/Manifest.lock",
			);
			name = "[CP] Check Pods Manifest.lock";
			outputFileListPaths = (
			);
			outputPaths = (
				"$(DERIVED_FILE_DIR)/Pods-ToDoApp-checkManifestLockResult.txt",
			);
			runOnlyForDeploymentPostprocessing = 0;
			shellPath = /bin/sh;
			shellScript = "diff \"${PODS_PODFILE_DIR_PATH}/Podfile.lock\" \"${PODS_ROOT}/Manifest.lock\" > /dev/null\nif [ $? != 0 ] ; then\n    # print error to STDERR\n    echo \"error: The sandbox is not in sync with the Podfile.lock. Run 'pod install' or update your CocoaPods installation.\" >&2\n    exit 1\nfi\n# This output is used by Xcode 'outputs' to avoid re-running this script phase.\necho \"SUCCESS\" > \"${SCRIPT_OUTPUT_FILE_0}\"\n";
			showEnvVarsInLog = 0;
		};
		C72E1731CBFA4F64C99A3CB2 /* [CP] Embed Pods Frameworks */ = {
			isa = PBXShellScriptBuildPhase;
			buildActionMask = 2147483647;
			files = (
			);
			inputFileListPaths = (
				"${PODS_ROOT}/Target Support Files/Pods-ToDoApp/Pods-ToDoApp-frameworks-${CONFIGURATION}-input-files.xcfilelist",
			);
			name = "[CP] Embed Pods Frameworks";
			outputFileListPaths = (
				"${PODS_ROOT}/Target Support Files/Pods-ToDoApp/Pods-ToDoApp-frameworks-${CONFIGURATION}-output-files.xcfilelist",
			);
			runOnlyForDeploymentPostprocessing = 0;
			shellPath = /bin/sh;
			shellScript = "\"${PODS_ROOT}/Target Support Files/Pods-ToDoApp/Pods-ToDoApp-frameworks.sh\"\n";
			showEnvVarsInLog = 0;
		};
/* End PBXShellScriptBuildPhase section */

/* Begin PBXSourcesBuildPhase section */
		0441FA0F23960D9C009C79F1 /* Sources */ = {
			isa = PBXSourcesBuildPhase;
			buildActionMask = 2147483647;
			files = (
				0441FA1723960D9C009C79F1 /* AppDelegate.swift in Sources */,
				0441FA29239619A7009C79F1 /* tableViewController.swift in Sources */,
				0441FA2B23986C79009C79F1 /* AddViewController.swift in Sources */,
			);
			runOnlyForDeploymentPostprocessing = 0;
		};
/* End PBXSourcesBuildPhase section */

/* Begin PBXVariantGroup section */
		0441FA1A23960D9C009C79F1 /* Main.storyboard */ = {
			isa = PBXVariantGroup;
			children = (
				0441FA1B23960D9C009C79F1 /* Base */,
			);
			name = Main.storyboard;
			sourceTree = "<group>";
		};
		0441FA1F23960D9D009C79F1 /* LaunchScreen.storyboard */ = {
			isa = PBXVariantGroup;
			children = (
				0441FA2023960D9D009C79F1 /* Base */,
			);
			name = LaunchScreen.storyboard;
			sourceTree = "<group>";
		};
/* End PBXVariantGroup section */

/* Begin XCBuildConfiguration section */
		0441FA2323960D9D009C79F1 /* Debug */ = {
			isa = XCBuildConfiguration;
			buildSettings = {
				ALWAYS_SEARCH_USER_PATHS = NO;
				CLANG_ANALYZER_NONNULL = YES;
				CLANG_ANALYZER_NUMBER_OBJECT_CONVERSION = YES_AGGRESSIVE;
				CLANG_CXX_LANGUAGE_STANDARD = "gnu++14";
				CLANG_CXX_LIBRARY = "libc++";
				CLANG_ENABLE_MODULES = YES;
				CLANG_ENABLE_OBJC_ARC = YES;
				CLANG_ENABLE_OBJC_WEAK = YES;
				CLANG_WARN_BLOCK_CAPTURE_AUTORELEASING = YES;
				CLANG_WARN_BOOL_CONVERSION = YES;
				CLANG_WARN_COMMA = YES;
				CLANG_WARN_CONSTANT_CONVERSION = YES;
				CLANG_WARN_DEPRECATED_OBJC_IMPLEMENTATIONS = YES;
				CLANG_WARN_DIRECT_OBJC_ISA_USAGE = YES_ERROR;
				CLANG_WARN_DOCUMENTATION_COMMENTS = YES;
				CLANG_WARN_EMPTY_BODY = YES;
				CLANG_WARN_ENUM_CONVERSION = YES;
				CLANG_WARN_INFINITE_RECURSION = YES;
				CLANG_WARN_INT_CONVERSION = YES;
				CLANG_WARN_NON_LITERAL_NULL_CONVERSION = YES;
				CLANG_WARN_OBJC_IMPLICIT_RETAIN_SELF = YES;
				CLANG_WARN_OBJC_LITERAL_CONVERSION = YES;
				CLANG_WARN_OBJC_ROOT_CLASS = YES_ERROR;
				CLANG_WARN_RANGE_LOOP_ANALYSIS = YES;
				CLANG_WARN_STRICT_PROTOTYPES = YES;
				CLANG_WARN_SUSPICIOUS_MOVE = YES;
				CLANG_WARN_UNGUARDED_AVAILABILITY = YES_AGGRESSIVE;
				CLANG_WARN_UNREACHABLE_CODE = YES;
				CLANG_WARN__DUPLICATE_METHOD_MATCH = YES;
				CODE_SIGN_IDENTITY = "iPhone Developer";
				COPY_PHASE_STRIP = NO;
				DEBUG_INFORMATION_FORMAT = dwarf;
				ENABLE_STRICT_OBJC_MSGSEND = YES;
				ENABLE_TESTABILITY = YES;
				GCC_C_LANGUAGE_STANDARD = gnu11;
				GCC_DYNAMIC_NO_PIC = NO;
				GCC_NO_COMMON_BLOCKS = YES;
				GCC_OPTIMIZATION_LEVEL = 0;
				GCC_PREPROCESSOR_DEFINITIONS = (
					"DEBUG=1",
					"$(inherited)",
				);
				GCC_WARN_64_TO_32_BIT_CONVERSION = YES;
				GCC_WARN_ABOUT_RETURN_TYPE = YES_ERROR;
				GCC_WARN_UNDECLARED_SELECTOR = YES;
				GCC_WARN_UNINITIALIZED_AUTOS = YES_AGGRESSIVE;
				GCC_WARN_UNUSED_FUNCTION = YES;
				GCC_WARN_UNUSED_VARIABLE = YES;
				IPHONEOS_DEPLOYMENT_TARGET = 12.4;
				MTL_ENABLE_DEBUG_INFO = INCLUDE_SOURCE;
				MTL_FAST_MATH = YES;
				ONLY_ACTIVE_ARCH = YES;
				SDKROOT = iphoneos;
				SWIFT_ACTIVE_COMPILATION_CONDITIONS = DEBUG;
				SWIFT_OPTIMIZATION_LEVEL = "-Onone";
			};
			name = Debug;
		};
		0441FA2423960D9D009C79F1 /* Release */ = {
			isa = XCBuildConfiguration;
			buildSettings = {
				ALWAYS_SEARCH_USER_PATHS = NO;
				CLANG_ANALYZER_NONNULL = YES;
				CLANG_ANALYZER_NUMBER_OBJECT_CONVERSION = YES_AGGRESSIVE;
				CLANG_CXX_LANGUAGE_STANDARD = "gnu++14";
				CLANG_CXX_LIBRARY = "libc++";
				CLANG_ENABLE_MODULES = YES;
				CLANG_ENABLE_OBJC_ARC = YES;
				CLANG_ENABLE_OBJC_WEAK = YES;
				CLANG_WARN_BLOCK_CAPTURE_AUTORELEASING = YES;
				CLANG_WARN_BOOL_CONVERSION = YES;
				CLANG_WARN_COMMA = YES;
				CLANG_WARN_CONSTANT_CONVERSION = YES;
				CLANG_WARN_DEPRECATED_OBJC_IMPLEMENTATIONS = YES;
				CLANG_WARN_DIRECT_OBJC_ISA_USAGE = YES_ERROR;
				CLANG_WARN_DOCUMENTATION_COMMENTS = YES;
				CLANG_WARN_EMPTY_BODY = YES;
				CLANG_WARN_ENUM_CONVERSION = YES;
				CLANG_WARN_INFINITE_RECURSION = YES;
				CLANG_WARN_INT_CONVERSION = YES;
				CLANG_WARN_NON_LITERAL_NULL_CONVERSION = YES;
				CLANG_WARN_OBJC_IMPLICIT_RETAIN_SELF = YES;
				CLANG_WARN_OBJC_LITERAL_CONVERSION = YES;
				CLANG_WARN_OBJC_ROOT_CLASS = YES_ERROR;
				CLANG_WARN_RANGE_LOOP_ANALYSIS = YES;
				CLANG_WARN_STRICT_PROTOTYPES = YES;
				CLANG_WARN_SUSPICIOUS_MOVE = YES;
				CLANG_WARN_UNGUARDED_AVAILABILITY = YES_AGGRESSIVE;
				CLANG_WARN_UNREACHABLE_CODE = YES;
				CLANG_WARN__DUPLICATE_METHOD_MATCH = YES;
				CODE_SIGN_IDENTITY = "iPhone Developer";
				COPY_PHASE_STRIP = NO;
				DEBUG_INFORMATION_FORMAT = "dwarf-with-dsym";
				ENABLE_NS_ASSERTIONS = NO;
				ENABLE_STRICT_OBJC_MSGSEND = YES;
				GCC_C_LANGUAGE_STANDARD = gnu11;
				GCC_NO_COMMON_BLOCKS = YES;
				GCC_WARN_64_TO_32_BIT_CONVERSION = YES;
				GCC_WARN_ABOUT_RETURN_TYPE = YES_ERROR;
				GCC_WARN_UNDECLARED_SELECTOR = YES;
				GCC_WARN_UNINITIALIZED_AUTOS = YES_AGGRESSIVE;
				GCC_WARN_UNUSED_FUNCTION = YES;
				GCC_WARN_UNUSED_VARIABLE = YES;
				IPHONEOS_DEPLOYMENT_TARGET = 12.4;
				MTL_ENABLE_DEBUG_INFO = NO;
				MTL_FAST_MATH = YES;
				SDKROOT = iphoneos;
				SWIFT_COMPILATION_MODE = wholemodule;
				SWIFT_OPTIMIZATION_LEVEL = "-O";
				VALIDATE_PRODUCT = YES;
			};
			name = Release;
		};
		0441FA2623960D9D009C79F1 /* Debug */ = {
			isa = XCBuildConfiguration;
			baseConfigurationReference = 7B0AD8C76DC5E2768DC7B56A /* Pods-ToDoApp.debug.xcconfig */;
			buildSettings = {
				ASSETCATALOG_COMPILER_APPICON_NAME = AppIcon;
				CODE_SIGN_STYLE = Automatic;
				DEVELOPMENT_TEAM = 2BULHRS882;
				INFOPLIST_FILE = ToDoApp/Info.plist;
				LD_RUNPATH_SEARCH_PATHS = (
					"$(inherited)",
					"@executable_path/Frameworks",
				);
				PRODUCT_BUNDLE_IDENTIFIER = ca.centennialcollege.ToDoApp;
				PRODUCT_NAME = "$(TARGET_NAME)";
				SWIFT_VERSION = 5.0;
				TARGETED_DEVICE_FAMILY = "1,2";
			};
			name = Debug;
		};
		0441FA2723960D9D009C79F1 /* Release */ = {
			isa = XCBuildConfiguration;
			baseConfigurationReference = C5539638E17C3BC4BB0E8C5B /* Pods-ToDoApp.release.xcconfig */;
			buildSettings = {
				ASSETCATALOG_COMPILER_APPICON_NAME = AppIcon;
				CODE_SIGN_STYLE = Automatic;
				DEVELOPMENT_TEAM = 2BULHRS882;
				INFOPLIST_FILE = ToDoApp/Info.plist;
				LD_RUNPATH_SEARCH_PATHS = (
					"$(inherited)",
					"@executable_path/Frameworks",
				);
				PRODUCT_BUNDLE_IDENTIFIER = ca.centennialcollege.ToDoApp;
				PRODUCT_NAME = "$(TARGET_NAME)";
				SWIFT_VERSION = 5.0;
				TARGETED_DEVICE_FAMILY = "1,2";
			};
			name = Release;
		};
/* End XCBuildConfiguration section */

/* Begin XCConfigurationList section */
		0441FA0E23960D9C009C79F1 /* Build configuration list for PBXProject "ToDoApp" */ = {
			isa = XCConfigurationList;
			buildConfigurations = (
				0441FA2323960D9D009C79F1 /* Debug */,
				0441FA2423960D9D009C79F1 /* Release */,
			);
			defaultConfigurationIsVisible = 0;
			defaultConfigurationName = Release;
		};
		0441FA2523960D9D009C79F1 /* Build configuration list for PBXNativeTarget "ToDoApp" */ = {
			isa = XCConfigurationList;
			buildConfigurations = (
				0441FA2623960D9D009C79F1 /* Debug */,
				0441FA2723960D9D009C79F1 /* Release */,
			);
			defaultConfigurationIsVisible = 0;
			defaultConfigurationName = Release;
		};
/* End XCConfigurationList section */
	};
	rootObject = 0441FA0B23960D9C009C79F1 /* Project object */;
}
